{
  "originHash" : "02a0f01e3624924c0e8c6c344bf098ce96c1ea143dc1b809d8aca0967257d6e4",
  "pins" : [
    {
      "identity" : "sundialkit",
      "kind" : "remoteSourceControl",
      "location" : "https://github.com/brightdigit/SundialKit.git",
      "state" : {
        "branch" : "v2.0.0",
        "revision" : "19a2df646007fcc3e5eca17bf9ad6d0cf5d06fac"
      }
    }
  ],
  "version" : 3
}
