{
  "originHash" : "d9ca470b84c812bc9835d9b916e2e399e178079e1199ff3bb9aed038339910af",
  "pins" : [
    {
      "identity" : "sundialkit",
      "kind" : "remoteSourceControl",
      "location" : "https://github.com/brightdigit/SundialKit.git",
      "state" : {
        "branch" : "v2.0.0-alpha.4",
        "revision" : "e6598eadc5028207165e42bebf02fc4f92e4bd9c"
      }
    },
    {
      "identity" : "sundialkitcombine",
      "kind" : "remoteSourceControl",
      "location" : "https://github.com/brightdigit/SundialKitCombine.git",
      "state" : {
        "revision" : "370bcb374d52dc33b66cf0c5af89b7853ba4cbda",
        "version" : "1.0.0-alpha.1"
      }
    },
    {
      "identity" : "sundialkitstream",
      "kind" : "remoteSourceControl",
      "location" : "https://github.com/brightdigit/SundialKitStream.git",
      "state" : {
        "branch" : "v1.0.0-alpha.4",
        "revision" : "75f40d40e9a8da4ce2c6ac4f8f8e7319b1d20849"
      }
    },
    {
      "identity" : "swift-protobuf",
      "kind" : "remoteSourceControl",
      "location" : "https://github.com/apple/swift-protobuf.git",
      "state" : {
        "revision" : "55d7a1cc5666b85c13464aea1c4b4a90feccb4c8",
        "version" : "1.38.1"
      }
    }
  ],
  "version" : 3
}
